
Microsoft Visual Studio Solution File, Format Version 12.00
# Visual Studio Version 17
VisualStudioVersion = 17.9.34701.34
MinimumVisualStudioVersion = 10.0.40219.1
Project("{2150E333-8FDC-42A3-9474-1A3956D46DE8}") = "DragonBot", "DragonBot", "{4362CE57-82A5-4A14-9F19-53A89EED8174}"
EndProject
Project("{FAE04EC0-301F-11D3-BF4B-00C04F79EFBC}") = "DragonBot", "DragonBot\DragonBot\DragonBot.csproj", "{7BB9E3FA-9857-4B66-BB2D-F1EDB8D48B77}"
EndProject
Project("{2150E333-8FDC-42A3-9474-1A3956D46DE8}") = "DragonBoatHub.Core", "DragonBoatHub.Core", "{5FC9AAC6-7C09-4B55-B217-0DB340CB0BF6}"
EndProject
Project("{2150E333-8FDC-42A3-9474-1A3956D46DE8}") = "DragonBoatHub.API", "DragonBoatHub.API", "{7BC3B92F-B36A-4919-A0CF-528FC5B256F2}"
EndProject
Global
	GlobalSection(SolutionConfigurationPlatforms) = preSolution
		Debug|Any CPU = Debug|Any CPU
		Release|Any CPU = Release|Any CPU
	EndGlobalSection
	GlobalSection(ProjectConfigurationPlatforms) = postSolution
		{7BB9E3FA-9857-4B66-BB2D-F1EDB8D48B77}.Debug|Any CPU.ActiveCfg = Debug|Any CPU
		{7BB9E3FA-9857-4B66-BB2D-F1EDB8D48B77}.Debug|Any CPU.Build.0 = Debug|Any CPU
		{7BB9E3FA-9857-4B66-BB2D-F1EDB8D48B77}.Release|Any CPU.ActiveCfg = Release|Any CPU
		{7BB9E3FA-9857-4B66-BB2D-F1EDB8D48B77}.Release|Any CPU.Build.0 = Release|Any CPU
	EndGlobalSection
	GlobalSection(SolutionProperties) = preSolution
		HideSolutionNode = FALSE
	EndGlobalSection
	GlobalSection(NestedProjects) = preSolution
		{7BB9E3FA-9857-4B66-BB2D-F1EDB8D48B77} = {4362CE57-82A5-4A14-9F19-53A89EED8174}
	EndGlobalSection
	GlobalSection(ExtensibilityGlobals) = postSolution
		SolutionGuid = {BD8A1F2F-876C-4D7B-9A1C-E3114D6E94EA}
	EndGlobalSection
EndGlobal
