
Microsoft Visual Studio Solution File, Format Version 12.00
# Visual Studio Version 17
VisualStudioVersion = 17.9.34701.34
MinimumVisualStudioVersion = 10.0.40219.1
Project("{2150E333-8FDC-42A3-9474-1A3956D46DE8}") = "DragonBoatHub.TelegramBot", "DragonBoatHub.TelegramBot", "{4362CE57-82A5-4A14-9F19-53A89EED8174}"
	ProjectSection(SolutionItems) = preProject
		appsettings.json = appsettings.json
	EndProjectSection
EndProject
Project("{9A19103F-16F7-4668-BE54-9A1E7A4F7556}") = "DragonBot", "DragonBot\DragonBot\DragonBot.csproj", "{7BB9E3FA-9857-4B66-BB2D-F1EDB8D48B77}"
EndProject
Project("{2150E333-8FDC-42A3-9474-1A3956D46DE8}") = "DragonBoatHub.API", "DragonBoatHub.API", "{7BC3B92F-B36A-4919-A0CF-528FC5B256F2}"
EndProject
Project("{2150E333-8FDC-42A3-9474-1A3956D46DE8}") = "DragonBoatHub.API.Application", "DragonBoatHub.API.Application", "{57D6FBF7-1EFB-455F-81DC-865EC6DD73B8}"
EndProject
Project("{2150E333-8FDC-42A3-9474-1A3956D46DE8}") = "DragonBoatHub.API.Domain", "DragonBoatHub.API.Domain", "{C60D809E-24D5-4433-9C98-386EB2AB6EF8}"
EndProject
Project("{2150E333-8FDC-42A3-9474-1A3956D46DE8}") = "DragonBoatHub.API.Infrastructure", "DragonBoatHub.API.Infrastructure", "{95E9396D-741D-4E27-9677-82663F30B887}"
EndProject
Project("{9A19103F-16F7-4668-BE54-9A1E7A4F7556}") = "DragonBoatHub.API.Domain", "DragonBoatDomain\DragonBoatHub.API.Domain.csproj", "{7EDE0DCB-912F-4E91-9D4F-529C5140916B}"
EndProject
Project("{FAE04EC0-301F-11D3-BF4B-00C04F79EFBC}") = "DragonBoatHub.API.Infrastructure.Data", "Infrastructure\DragonBoatHub.API.Infrastructure.Data.csproj", "{BF710380-E6FC-4594-9D5A-827DE3A63269}"
EndProject
Project("{2150E333-8FDC-42A3-9474-1A3956D46DE8}") = "Data", "Data", "{F88A056F-006B-4FE2-B5A3-23B270B16FEB}"
EndProject
Project("{FAE04EC0-301F-11D3-BF4B-00C04F79EFBC}") = "DragonBoatHub.API.Application", "DragonBoatHub.API.Application\DragonBoatHub.API.Application.csproj", "{227BEB74-1C7D-4E91-9D83-A0F30C6930DB}"
EndProject
Global
	GlobalSection(SolutionConfigurationPlatforms) = preSolution
		Debug|Any CPU = Debug|Any CPU
		Release|Any CPU = Release|Any CPU
	EndGlobalSection
	GlobalSection(ProjectConfigurationPlatforms) = postSolution
		{7BB9E3FA-9857-4B66-BB2D-F1EDB8D48B77}.Debug|Any CPU.ActiveCfg = Debug|Any CPU
		{7BB9E3FA-9857-4B66-BB2D-F1EDB8D48B77}.Debug|Any CPU.Build.0 = Debug|Any CPU
		{7BB9E3FA-9857-4B66-BB2D-F1EDB8D48B77}.Release|Any CPU.ActiveCfg = Release|Any CPU
		{7BB9E3FA-9857-4B66-BB2D-F1EDB8D48B77}.Release|Any CPU.Build.0 = Release|Any CPU
		{7EDE0DCB-912F-4E91-9D4F-529C5140916B}.Debug|Any CPU.ActiveCfg = Debug|Any CPU
		{7EDE0DCB-912F-4E91-9D4F-529C5140916B}.Debug|Any CPU.Build.0 = Debug|Any CPU
		{7EDE0DCB-912F-4E91-9D4F-529C5140916B}.Release|Any CPU.ActiveCfg = Release|Any CPU
		{7EDE0DCB-912F-4E91-9D4F-529C5140916B}.Release|Any CPU.Build.0 = Release|Any CPU
		{BF710380-E6FC-4594-9D5A-827DE3A63269}.Debug|Any CPU.ActiveCfg = Debug|Any CPU
		{BF710380-E6FC-4594-9D5A-827DE3A63269}.Debug|Any CPU.Build.0 = Debug|Any CPU
		{BF710380-E6FC-4594-9D5A-827DE3A63269}.Release|Any CPU.ActiveCfg = Release|Any CPU
		{BF710380-E6FC-4594-9D5A-827DE3A63269}.Release|Any CPU.Build.0 = Release|Any CPU
		{227BEB74-1C7D-4E91-9D83-A0F30C6930DB}.Debug|Any CPU.ActiveCfg = Debug|Any CPU
		{227BEB74-1C7D-4E91-9D83-A0F30C6930DB}.Debug|Any CPU.Build.0 = Debug|Any CPU
		{227BEB74-1C7D-4E91-9D83-A0F30C6930DB}.Release|Any CPU.ActiveCfg = Release|Any CPU
		{227BEB74-1C7D-4E91-9D83-A0F30C6930DB}.Release|Any CPU.Build.0 = Release|Any CPU
	EndGlobalSection
	GlobalSection(SolutionProperties) = preSolution
		HideSolutionNode = FALSE
	EndGlobalSection
	GlobalSection(NestedProjects) = preSolution
		{7BB9E3FA-9857-4B66-BB2D-F1EDB8D48B77} = {4362CE57-82A5-4A14-9F19-53A89EED8174}
		{57D6FBF7-1EFB-455F-81DC-865EC6DD73B8} = {7BC3B92F-B36A-4919-A0CF-528FC5B256F2}
		{C60D809E-24D5-4433-9C98-386EB2AB6EF8} = {7BC3B92F-B36A-4919-A0CF-528FC5B256F2}
		{95E9396D-741D-4E27-9677-82663F30B887} = {7BC3B92F-B36A-4919-A0CF-528FC5B256F2}
		{7EDE0DCB-912F-4E91-9D4F-529C5140916B} = {C60D809E-24D5-4433-9C98-386EB2AB6EF8}
		{BF710380-E6FC-4594-9D5A-827DE3A63269} = {F88A056F-006B-4FE2-B5A3-23B270B16FEB}
		{F88A056F-006B-4FE2-B5A3-23B270B16FEB} = {95E9396D-741D-4E27-9677-82663F30B887}
		{227BEB74-1C7D-4E91-9D83-A0F30C6930DB} = {57D6FBF7-1EFB-455F-81DC-865EC6DD73B8}
	EndGlobalSection
	GlobalSection(ExtensibilityGlobals) = postSolution
		SolutionGuid = {BD8A1F2F-876C-4D7B-9A1C-E3114D6E94EA}
	EndGlobalSection
EndGlobal
